# This file is automatically @generated by Cargo.
# It is not intended for manual editing.
version = 3

[[package]]
name = "gridwake-aoi"
version = "0.1.0"
dependencies = [
 "gridwake-core",
]

[[package]]
name = "gridwake-core"
version = "0.1.0"

[[package]]
name = "gridwake-protocol"
version = "0.1.0"
dependencies = [
 "gridwake-core",
 "gridwake-snapshot",
]

[[package]]
name = "gridwake-replication"
version = "0.1.0"
dependencies = [
 "gridwake-core",
]

[[package]]
name = "gridwake-server"
version = "0.1.0"
dependencies = [
 "gridwake-aoi",
 "gridwake-core",
 "gridwake-protocol",
 "gridwake-replication",
 "gridwake-snapshot",
]

[[package]]
name = "gridwake-sim"
version = "0.1.0"
dependencies = [
 "gridwake-core",
 "gridwake-server",
]

[[package]]
name = "gridwake-snapshot"
version = "0.1.0"
dependencies = [
 "gridwake-core",
]
